lockfileVersion: '6.0'

settings:
  autoInstallPeers: true
  excludeLinksFromLockfile: false

dependencies:
  '@trpc/server':
    specifier: ^10.45.1
    version: 10.45.1

packages:

  /@trpc/server@10.45.1:
    resolution: {integrity: sha512-KOzBEVaHW9IxEedUP9E50y0tYxAuvlzyjn80Bpemw4rcNbT4WtJnhkFPUY+qDJl7Crt3B/oY2qMgSxVWi9toLg==}
    dev: false
